
Microsoft Visual Studio Solution File, Format Version 12.00
# Visual Studio Version 17
VisualStudioVersion = 17.7.34018.315
MinimumVisualStudioVersion = 10.0.40219.1
Project("{9092AA53-FB77-4645-B42D-1CCCA6BD08BD}") = "CS3300Project", "CS3300Project.njsproj", "{91A7E19A-1F25-4AE9-B52F-C8AE0662E739}"
EndProject
Global
	GlobalSection(SolutionConfigurationPlatforms) = preSolution
		Debug|Any CPU = Debug|Any CPU
		Release|Any CPU = Release|Any CPU
	EndGlobalSection
	GlobalSection(ProjectConfigurationPlatforms) = postSolution
		{91A7E19A-1F25-4AE9-B52F-C8AE0662E739}.Debug|Any CPU.ActiveCfg = Debug|Any CPU
		{91A7E19A-1F25-4AE9-B52F-C8AE0662E739}.Debug|Any CPU.Build.0 = Debug|Any CPU
		{91A7E19A-1F25-4AE9-B52F-C8AE0662E739}.Release|Any CPU.ActiveCfg = Release|Any CPU
		{91A7E19A-1F25-4AE9-B52F-C8AE0662E739}.Release|Any CPU.Build.0 = Release|Any CPU
	EndGlobalSection
	GlobalSection(SolutionProperties) = preSolution
		HideSolutionNode = FALSE
	EndGlobalSection
	GlobalSection(ExtensibilityGlobals) = postSolution
		SolutionGuid = {FB1878F7-C450-4A18-A7AD-26081B7C5651}
	EndGlobalSection
EndGlobal
